
Microsoft Visual Studio Solution File, Format Version 12.00
# Visual Studio 14
VisualStudioVersion = 14.0.25420.1
MinimumVisualStudioVersion = 10.0.40219.1
Project("{F2A71F9B-5D33-465A-A702-920D77279786}") = "Library1", "Library1\Library1.fsproj", "{50F7456B-4202-44F2-843A-36B9F05D5687}"
EndProject
Global
	GlobalSection(SolutionConfigurationPlatforms) = preSolution
		Debug|Any CPU = Debug|Any CPU
		Release|Any CPU = Release|Any CPU
	EndGlobalSection
	GlobalSection(ProjectConfigurationPlatforms) = postSolution
		{50F7456B-4202-44F2-843A-36B9F05D5687}.Debug|Any CPU.ActiveCfg = Debug|Any CPU
		{50F7456B-4202-44F2-843A-36B9F05D5687}.Debug|Any CPU.Build.0 = Debug|Any CPU
		{50F7456B-4202-44F2-843A-36B9F05D5687}.Release|Any CPU.ActiveCfg = Release|Any CPU
		{50F7456B-4202-44F2-843A-36B9F05D5687}.Release|Any CPU.Build.0 = Release|Any CPU
	EndGlobalSection
	GlobalSection(SolutionProperties) = preSolution
		HideSolutionNode = FALSE
	EndGlobalSection
EndGlobal
